// !$*UTF8*$!
{
	archiveVersion = 1;
	classes = {
	};
	objectVersion = 50;
	objects = {

/* Begin PBXBuildFile section */
		082FE11321F9F05C003CA347 /* AppDelegate.swift in Sources */ = {isa = PBXBuildFile; fileRef = 082FE11221F9F05C003CA347 /* AppDelegate.swift */; };
		082FE11821F9F05C003CA347 /* Main.storyboard in Resources */ = {isa = PBXBuildFile; fileRef = 082FE11621F9F05C003CA347 /* Main.storyboard */; };
		082FE11A21F9F05E003CA347 /* Assets.xcassets in Resources */ = {isa = PBXBuildFile; fileRef = 082FE11921F9F05E003CA347 /* Assets.xcassets */; };
		082FE11D21F9F05E003CA347 /* LaunchScreen.storyboard in Resources */ = {isa = PBXBuildFile; fileRef = 082FE11B21F9F05E003CA347 /* LaunchScreen.storyboard */; };
		082FE12521F9F111003CA347 /* RestaurantTableViewController.swift in Sources */ = {isa = PBXBuildFile; fileRef = 082FE12421F9F111003CA347 /* RestaurantTableViewController.swift */; };
		082FE12721F9FC5B003CA347 /* RestaurantTableViewCell.swift in Sources */ = {isa = PBXBuildFile; fileRef = 082FE12621F9FC5B003CA347 /* RestaurantTableViewCell.swift */; };
		08959E9121FF4E4F0043E3F0 /* RestaurantDetailHeaderView.swift in Sources */ = {isa = PBXBuildFile; fileRef = 08959E9021FF4E4F0043E3F0 /* RestaurantDetailHeaderView.swift */; };
		08AEB57C21FF42B80017662F /* Rubik-Light.ttf in Resources */ = {isa = PBXBuildFile; fileRef = 08AEB57121FF42B80017662F /* Rubik-Light.ttf */; };
		08AEB57D21FF42B80017662F /* Rubik-Regular.ttf in Resources */ = {isa = PBXBuildFile; fileRef = 08AEB57221FF42B80017662F /* Rubik-Regular.ttf */; };
		08AEB57E21FF42B80017662F /* Rubik-Black.ttf in Resources */ = {isa = PBXBuildFile; fileRef = 08AEB57321FF42B80017662F /* Rubik-Black.ttf */; };
		08AEB57F21FF42B80017662F /* OFL.txt in Resources */ = {isa = PBXBuildFile; fileRef = 08AEB57421FF42B80017662F /* OFL.txt */; };
		08AEB58021FF42B80017662F /* Rubik-Bold.ttf in Resources */ = {isa = PBXBuildFile; fileRef = 08AEB57521FF42B80017662F /* Rubik-Bold.ttf */; };
		08AEB58121FF42B80017662F /* Rubik-MediumItalic.ttf in Resources */ = {isa = PBXBuildFile; fileRef = 08AEB57621FF42B80017662F /* Rubik-MediumItalic.ttf */; };
		08AEB58221FF42B80017662F /* Rubik-Italic.ttf in Resources */ = {isa = PBXBuildFile; fileRef = 08AEB57721FF42B80017662F /* Rubik-Italic.ttf */; };
		08AEB58321FF42B80017662F /* Rubik-LightItalic.ttf in Resources */ = {isa = PBXBuildFile; fileRef = 08AEB57821FF42B80017662F /* Rubik-LightItalic.ttf */; };
		08AEB58421FF42B80017662F /* Rubik-BoldItalic.ttf in Resources */ = {isa = PBXBuildFile; fileRef = 08AEB57921FF42B80017662F /* Rubik-BoldItalic.ttf */; };
		08AEB58521FF42B80017662F /* Rubik-BlackItalic.ttf in Resources */ = {isa = PBXBuildFile; fileRef = 08AEB57A21FF42B80017662F /* Rubik-BlackItalic.ttf */; };
		08AEB58621FF42B80017662F /* Rubik-Medium.ttf in Resources */ = {isa = PBXBuildFile; fileRef = 08AEB57B21FF42B80017662F /* Rubik-Medium.ttf */; };
		08F0E10922009C5800501F39 /* UIColor+Ext.swift in Sources */ = {isa = PBXBuildFile; fileRef = 08F0E10822009C5800501F39 /* UIColor+Ext.swift */; };
		B055751421FF78E40000B83C /* RestaurantDetailIconTextCell.swift in Sources */ = {isa = PBXBuildFile; fileRef = B055751321FF78E40000B83C /* RestaurantDetailIconTextCell.swift */; };
		B055751621FF7A660000B83C /* RestaurantDetailTextCell.swift in Sources */ = {isa = PBXBuildFile; fileRef = B055751521FF7A660000B83C /* RestaurantDetailTextCell.swift */; };
		B05AB42E21FCBD5C00A79578 /* RestaurantDetailViewController.swift in Sources */ = {isa = PBXBuildFile; fileRef = B05AB42D21FCBD5C00A79578 /* RestaurantDetailViewController.swift */; };
		B06536B821FE1B8500F25675 /* Restaurant.swift in Sources */ = {isa = PBXBuildFile; fileRef = B06536B721FE1B8500F25675 /* Restaurant.swift */; };
/* End PBXBuildFile section */

/* Begin PBXFileReference section */
		082FE10F21F9F05C003CA347 /* FoodPin.app */ = {isa = PBXFileReference; explicitFileType = wrapper.application; includeInIndex = 0; path = FoodPin.app; sourceTree = BUILT_PRODUCTS_DIR; };
		082FE11221F9F05C003CA347 /* AppDelegate.swift */ = {isa = PBXFileReference; lastKnownFileType = sourcecode.swift; path = AppDelegate.swift; sourceTree = "<group>"; };
		082FE11721F9F05C003CA347 /* Base */ = {isa = PBXFileReference; lastKnownFileType = file.storyboard; name = Base; path = Base.lproj/Main.storyboard; sourceTree = "<group>"; };
		082FE11921F9F05E003CA347 /* Assets.xcassets */ = {isa = PBXFileReference; lastKnownFileType = folder.assetcatalog; path = Assets.xcassets; sourceTree = "<group>"; };
		082FE11C21F9F05E003CA347 /* Base */ = {isa = PBXFileReference; lastKnownFileType = file.storyboard; name = Base; path = Base.lproj/LaunchScreen.storyboard; sourceTree = "<group>"; };
		082FE11E21F9F05E003CA347 /* Info.plist */ = {isa = PBXFileReference; lastKnownFileType = text.plist.xml; path = Info.plist; sourceTree = "<group>"; };
		082FE12421F9F111003CA347 /* RestaurantTableViewController.swift */ = {isa = PBXFileReference; lastKnownFileType = sourcecode.swift; name = RestaurantTableViewController.swift; path = Controller/RestaurantTableViewController.swift; sourceTree = "<group>"; };
		082FE12621F9FC5B003CA347 /* RestaurantTableViewCell.swift */ = {isa = PBXFileReference; lastKnownFileType = sourcecode.swift; path = RestaurantTableViewCell.swift; sourceTree = "<group>"; };
		08959E9021FF4E4F0043E3F0 /* RestaurantDetailHeaderView.swift */ = {isa = PBXFileReference; lastKnownFileType = sourcecode.swift; path = RestaurantDetailHeaderView.swift; sourceTree = "<group>"; };
		08AEB57121FF42B80017662F /* Rubik-Light.ttf */ = {isa = PBXFileReference; lastKnownFileType = file; path = "Rubik-Light.ttf"; sourceTree = "<group>"; };
		08AEB57221FF42B80017662F /* Rubik-Regular.ttf */ = {isa = PBXFileReference; lastKnownFileType = file; path = "Rubik-Regular.ttf"; sourceTree = "<group>"; };
		08AEB57321FF42B80017662F /* Rubik-Black.ttf */ = {isa = PBXFileReference; lastKnownFileType = file; path = "Rubik-Black.ttf"; sourceTree = "<group>"; };
		08AEB57421FF42B80017662F /* OFL.txt */ = {isa = PBXFileReference; fileEncoding = 4; lastKnownFileType = text; path = OFL.txt; sourceTree = "<group>"; };
		08AEB57521FF42B80017662F /* Rubik-Bold.ttf */ = {isa = PBXFileReference; lastKnownFileType = file; path = "Rubik-Bold.ttf"; sourceTree = "<group>"; };
		08AEB57621FF42B80017662F /* Rubik-MediumItalic.ttf */ = {isa = PBXFileReference; lastKnownFileType = file; path = "Rubik-MediumItalic.ttf"; sourceTree = "<group>"; };
		08AEB57721FF42B80017662F /* Rubik-Italic.ttf */ = {isa = PBXFileReference; lastKnownFileType = file; path = "Rubik-Italic.ttf"; sourceTree = "<group>"; };
		08AEB57821FF42B80017662F /* Rubik-LightItalic.ttf */ = {isa = PBXFileReference; lastKnownFileType = file; path = "Rubik-LightItalic.ttf"; sourceTree = "<group>"; };
		08AEB57921FF42B80017662F /* Rubik-BoldItalic.ttf */ = {isa = PBXFileReference; lastKnownFileType = file; path = "Rubik-BoldItalic.ttf"; sourceTree = "<group>"; };
		08AEB57A21FF42B80017662F /* Rubik-BlackItalic.ttf */ = {isa = PBXFileReference; lastKnownFileType = file; path = "Rubik-BlackItalic.ttf"; sourceTree = "<group>"; };
		08AEB57B21FF42B80017662F /* Rubik-Medium.ttf */ = {isa = PBXFileReference; lastKnownFileType = file; path = "Rubik-Medium.ttf"; sourceTree = "<group>"; };
		08F0E10822009C5800501F39 /* UIColor+Ext.swift */ = {isa = PBXFileReference; lastKnownFileType = sourcecode.swift; path = "UIColor+Ext.swift"; sourceTree = "<group>"; };
		B055751321FF78E40000B83C /* RestaurantDetailIconTextCell.swift */ = {isa = PBXFileReference; lastKnownFileType = sourcecode.swift; path = RestaurantDetailIconTextCell.swift; sourceTree = "<group>"; };
		B055751521FF7A660000B83C /* RestaurantDetailTextCell.swift */ = {isa = PBXFileReference; lastKnownFileType = sourcecode.swift; path = RestaurantDetailTextCell.swift; sourceTree = "<group>"; };
		B05AB42D21FCBD5C00A79578 /* RestaurantDetailViewController.swift */ = {isa = PBXFileReference; lastKnownFileType = sourcecode.swift; name = RestaurantDetailViewController.swift; path = Controller/RestaurantDetailViewController.swift; sourceTree = "<group>"; };
		B06536B721FE1B8500F25675 /* Restaurant.swift */ = {isa = PBXFileReference; lastKnownFileType = sourcecode.swift; path = Restaurant.swift; sourceTree = "<group>"; };
/* End PBXFileReference section */

/* Begin PBXFrameworksBuildPhase section */
		082FE10C21F9F05C003CA347 /* Frameworks */ = {
			isa = PBXFrameworksBuildPhase;
			buildActionMask = 2147483647;
			files = (
			);
			runOnlyForDeploymentPostprocessing = 0;
		};
/* End PBXFrameworksBuildPhase section */

/* Begin PBXGroup section */
		082FE10621F9F05C003CA347 = {
			isa = PBXGroup;
			children = (
				082FE11121F9F05C003CA347 /* FoodPin */,
				082FE11021F9F05C003CA347 /* Products */,
			);
			sourceTree = "<group>";
		};
		082FE11021F9F05C003CA347 /* Products */ = {
			isa = PBXGroup;
			children = (
				082FE10F21F9F05C003CA347 /* FoodPin.app */,
			);
			name = Products;
			sourceTree = "<group>";
		};
		082FE11121F9F05C003CA347 /* FoodPin */ = {
			isa = PBXGroup;
			children = (
				08F0E10722009C3500501F39 /* Extensions */,
				08AEB56F21FF42740017662F /* Resources */,
				B06536BD21FE223B00F25675 /* Storyboard */,
				B06536B921FE210400F25675 /* Controller */,
				B06536BC21FE220F00F25675 /* View */,
				B06536BB21FE21B700F25675 /* Model */,
				082FE11921F9F05E003CA347 /* Assets.xcassets */,
				082FE11E21F9F05E003CA347 /* Info.plist */,
				082FE11221F9F05C003CA347 /* AppDelegate.swift */,
			);
			path = FoodPin;
			sourceTree = "<group>";
		};
		08AEB56F21FF42740017662F /* Resources */ = {
			isa = PBXGroup;
			children = (
				08AEB57021FF428A0017662F /* Fonts */,
			);
			path = Resources;
			sourceTree = "<group>";
		};
		08AEB57021FF428A0017662F /* Fonts */ = {
			isa = PBXGroup;
			children = (
				08AEB57421FF42B80017662F /* OFL.txt */,
				08AEB57321FF42B80017662F /* Rubik-Black.ttf */,
				08AEB57A21FF42B80017662F /* Rubik-BlackItalic.ttf */,
				08AEB57521FF42B80017662F /* Rubik-Bold.ttf */,
				08AEB57921FF42B80017662F /* Rubik-BoldItalic.ttf */,
				08AEB57721FF42B80017662F /* Rubik-Italic.ttf */,
				08AEB57121FF42B80017662F /* Rubik-Light.ttf */,
				08AEB57821FF42B80017662F /* Rubik-LightItalic.ttf */,
				08AEB57B21FF42B80017662F /* Rubik-Medium.ttf */,
				08AEB57621FF42B80017662F /* Rubik-MediumItalic.ttf */,
				08AEB57221FF42B80017662F /* Rubik-Regular.ttf */,
			);
			path = Fonts;
			sourceTree = "<group>";
		};
		08F0E10722009C3500501F39 /* Extensions */ = {
			isa = PBXGroup;
			children = (
				08F0E10822009C5800501F39 /* UIColor+Ext.swift */,
			);
			path = Extensions;
			sourceTree = "<group>";
		};
		B06536B921FE210400F25675 /* Controller */ = {
			isa = PBXGroup;
			children = (
				082FE12421F9F111003CA347 /* RestaurantTableViewController.swift */,
				B05AB42D21FCBD5C00A79578 /* RestaurantDetailViewController.swift */,
			);
			name = Controller;
			sourceTree = "<group>";
		};
		B06536BB21FE21B700F25675 /* Model */ = {
			isa = PBXGroup;
			children = (
				B06536B721FE1B8500F25675 /* Restaurant.swift */,
			);
			path = Model;
			sourceTree = "<group>";
		};
		B06536BC21FE220F00F25675 /* View */ = {
			isa = PBXGroup;
			children = (
				082FE12621F9FC5B003CA347 /* RestaurantTableViewCell.swift */,
				08959E9021FF4E4F0043E3F0 /* RestaurantDetailHeaderView.swift */,
				B055751321FF78E40000B83C /* RestaurantDetailIconTextCell.swift */,
				B055751521FF7A660000B83C /* RestaurantDetailTextCell.swift */,
			);
			path = View;
			sourceTree = "<group>";
		};
		B06536BD21FE223B00F25675 /* Storyboard */ = {
			isa = PBXGroup;
			children = (
				082FE11B21F9F05E003CA347 /* LaunchScreen.storyboard */,
				082FE11621F9F05C003CA347 /* Main.storyboard */,
			);
			path = Storyboard;
			sourceTree = "<group>";
		};
/* End PBXGroup section */

/* Begin PBXNativeTarget section */
		082FE10E21F9F05C003CA347 /* FoodPin */ = {
			isa = PBXNativeTarget;
			buildConfigurationList = 082FE12121F9F05E003CA347 /* Build configuration list for PBXNativeTarget "FoodPin" */;
			buildPhases = (
				082FE10B21F9F05C003CA347 /* Sources */,
				082FE10C21F9F05C003CA347 /* Frameworks */,
				082FE10D21F9F05C003CA347 /* Resources */,
			);
			buildRules = (
			);
			dependencies = (
			);
			name = FoodPin;
			productName = FoodPin;
			productReference = 082FE10F21F9F05C003CA347 /* FoodPin.app */;
			productType = "com.apple.product-type.application";
		};
/* End PBXNativeTarget section */

/* Begin PBXProject section */
		082FE10721F9F05C003CA347 /* Project object */ = {
			isa = PBXProject;
			attributes = {
				LastSwiftUpdateCheck = 1010;
				LastUpgradeCheck = 1010;
				ORGANIZATIONNAME = NosovML;
				TargetAttributes = {
					082FE10E21F9F05C003CA347 = {
						CreatedOnToolsVersion = 10.1;
					};
				};
			};
			buildConfigurationList = 082FE10A21F9F05C003CA347 /* Build configuration list for PBXProject "FoodPin" */;
			compatibilityVersion = "Xcode 9.3";
			developmentRegion = en;
			hasScannedForEncodings = 0;
			knownRegions = (
				en,
				Base,
			);
			mainGroup = 082FE10621F9F05C003CA347;
			productRefGroup = 082FE11021F9F05C003CA347 /* Products */;
			projectDirPath = "";
			projectRoot = "";
			targets = (
				082FE10E21F9F05C003CA347 /* FoodPin */,
			);
		};
/* End PBXProject section */

/* Begin PBXResourcesBuildPhase section */
		082FE10D21F9F05C003CA347 /* Resources */ = {
			isa = PBXResourcesBuildPhase;
			buildActionMask = 2147483647;
			files = (
				08AEB57F21FF42B80017662F /* OFL.txt in Resources */,
				08AEB58421FF42B80017662F /* Rubik-BoldItalic.ttf in Resources */,
				08AEB58121FF42B80017662F /* Rubik-MediumItalic.ttf in Resources */,
				08AEB57E21FF42B80017662F /* Rubik-Black.ttf in Resources */,
				08AEB58321FF42B80017662F /* Rubik-LightItalic.ttf in Resources */,
				082FE11D21F9F05E003CA347 /* LaunchScreen.storyboard in Resources */,
				08AEB57C21FF42B80017662F /* Rubik-Light.ttf in Resources */,
				082FE11A21F9F05E003CA347 /* Assets.xcassets in Resources */,
				08AEB58221FF42B80017662F /* Rubik-Italic.ttf in Resources */,
				08AEB58521FF42B80017662F /* Rubik-BlackItalic.ttf in Resources */,
				08AEB58021FF42B80017662F /* Rubik-Bold.ttf in Resources */,
				08AEB57D21FF42B80017662F /* Rubik-Regular.ttf in Resources */,
				082FE11821F9F05C003CA347 /* Main.storyboard in Resources */,
				08AEB58621FF42B80017662F /* Rubik-Medium.ttf in Resources */,
			);
			runOnlyForDeploymentPostprocessing = 0;
		};
/* End PBXResourcesBuildPhase section */

/* Begin PBXSourcesBuildPhase section */
		082FE10B21F9F05C003CA347 /* Sources */ = {
			isa = PBXSourcesBuildPhase;
			buildActionMask = 2147483647;
			files = (
				08959E9121FF4E4F0043E3F0 /* RestaurantDetailHeaderView.swift in Sources */,
				B06536B821FE1B8500F25675 /* Restaurant.swift in Sources */,
				B055751621FF7A660000B83C /* RestaurantDetailTextCell.swift in Sources */,
				082FE12521F9F111003CA347 /* RestaurantTableViewController.swift in Sources */,
				082FE12721F9FC5B003CA347 /* RestaurantTableViewCell.swift in Sources */,
				B055751421FF78E40000B83C /* RestaurantDetailIconTextCell.swift in Sources */,
				08F0E10922009C5800501F39 /* UIColor+Ext.swift in Sources */,
				B05AB42E21FCBD5C00A79578 /* RestaurantDetailViewController.swift in Sources */,
				082FE11321F9F05C003CA347 /* AppDelegate.swift in Sources */,
			);
			runOnlyForDeploymentPostprocessing = 0;
		};
/* End PBXSourcesBuildPhase section */

/* Begin PBXVariantGroup section */
		082FE11621F9F05C003CA347 /* Main.storyboard */ = {
			isa = PBXVariantGroup;
			children = (
				082FE11721F9F05C003CA347 /* Base */,
			);
			name = Main.storyboard;
			sourceTree = "<group>";
		};
		082FE11B21F9F05E003CA347 /* LaunchScreen.storyboard */ = {
			isa = PBXVariantGroup;
			children = (
				082FE11C21F9F05E003CA347 /* Base */,
			);
			name = LaunchScreen.storyboard;
			sourceTree = "<group>";
		};
/* End PBXVariantGroup section */

/* Begin XCBuildConfiguration section */
		082FE11F21F9F05E003CA347 /* Debug */ = {
			isa = XCBuildConfiguration;
			buildSettings = {
				ALWAYS_SEARCH_USER_PATHS = NO;
				CLANG_ANALYZER_NONNULL = YES;
				CLANG_ANALYZER_NUMBER_OBJECT_CONVERSION = YES_AGGRESSIVE;
				CLANG_CXX_LANGUAGE_STANDARD = "gnu++14";
				CLANG_CXX_LIBRARY = "libc++";
				CLANG_ENABLE_MODULES = YES;
				CLANG_ENABLE_OBJC_ARC = YES;
				CLANG_ENABLE_OBJC_WEAK = YES;
				CLANG_WARN_BLOCK_CAPTURE_AUTORELEASING = YES;
				CLANG_WARN_BOOL_CONVERSION = YES;
				CLANG_WARN_COMMA = YES;
				CLANG_WARN_CONSTANT_CONVERSION = YES;
				CLANG_WARN_DEPRECATED_OBJC_IMPLEMENTATIONS = YES;
				CLANG_WARN_DIRECT_OBJC_ISA_USAGE = YES_ERROR;
				CLANG_WARN_DOCUMENTATION_COMMENTS = YES;
				CLANG_WARN_EMPTY_BODY = YES;
				CLANG_WARN_ENUM_CONVERSION = YES;
				CLANG_WARN_INFINITE_RECURSION = YES;
				CLANG_WARN_INT_CONVERSION = YES;
				CLANG_WARN_NON_LITERAL_NULL_CONVERSION = YES;
				CLANG_WARN_OBJC_IMPLICIT_RETAIN_SELF = YES;
				CLANG_WARN_OBJC_LITERAL_CONVERSION = YES;
				CLANG_WARN_OBJC_ROOT_CLASS = YES_ERROR;
				CLANG_WARN_RANGE_LOOP_ANALYSIS = YES;
				CLANG_WARN_STRICT_PROTOTYPES = YES;
				CLANG_WARN_SUSPICIOUS_MOVE = YES;
				CLANG_WARN_UNGUARDED_AVAILABILITY = YES_AGGRESSIVE;
				CLANG_WARN_UNREACHABLE_CODE = YES;
				CLANG_WARN__DUPLICATE_METHOD_MATCH = YES;
				CODE_SIGN_IDENTITY = "iPhone Developer";
				COPY_PHASE_STRIP = NO;
				DEBUG_INFORMATION_FORMAT = dwarf;
				ENABLE_STRICT_OBJC_MSGSEND = YES;
				ENABLE_TESTABILITY = YES;
				GCC_C_LANGUAGE_STANDARD = gnu11;
				GCC_DYNAMIC_NO_PIC = NO;
				GCC_NO_COMMON_BLOCKS = YES;
				GCC_OPTIMIZATION_LEVEL = 0;
				GCC_PREPROCESSOR_DEFINITIONS = (
					"DEBUG=1",
					"$(inherited)",
				);
				GCC_WARN_64_TO_32_BIT_CONVERSION = YES;
				GCC_WARN_ABOUT_RETURN_TYPE = YES_ERROR;
				GCC_WARN_UNDECLARED_SELECTOR = YES;
				GCC_WARN_UNINITIALIZED_AUTOS = YES_AGGRESSIVE;
				GCC_WARN_UNUSED_FUNCTION = YES;
				GCC_WARN_UNUSED_VARIABLE = YES;
				IPHONEOS_DEPLOYMENT_TARGET = 12.1;
				MTL_ENABLE_DEBUG_INFO = INCLUDE_SOURCE;
				MTL_FAST_MATH = YES;
				ONLY_ACTIVE_ARCH = YES;
				SDKROOT = iphoneos;
				SWIFT_ACTIVE_COMPILATION_CONDITIONS = DEBUG;
				SWIFT_OPTIMIZATION_LEVEL = "-Onone";
			};
			name = Debug;
		};
		082FE12021F9F05E003CA347 /* Release */ = {
			isa = XCBuildConfiguration;
			buildSettings = {
				ALWAYS_SEARCH_USER_PATHS = NO;
				CLANG_ANALYZER_NONNULL = YES;
				CLANG_ANALYZER_NUMBER_OBJECT_CONVERSION = YES_AGGRESSIVE;
				CLANG_CXX_LANGUAGE_STANDARD = "gnu++14";
				CLANG_CXX_LIBRARY = "libc++";
				CLANG_ENABLE_MODULES = YES;
				CLANG_ENABLE_OBJC_ARC = YES;
				CLANG_ENABLE_OBJC_WEAK = YES;
				CLANG_WARN_BLOCK_CAPTURE_AUTORELEASING = YES;
				CLANG_WARN_BOOL_CONVERSION = YES;
				CLANG_WARN_COMMA = YES;
				CLANG_WARN_CONSTANT_CONVERSION = YES;
				CLANG_WARN_DEPRECATED_OBJC_IMPLEMENTATIONS = YES;
				CLANG_WARN_DIRECT_OBJC_ISA_USAGE = YES_ERROR;
				CLANG_WARN_DOCUMENTATION_COMMENTS = YES;
				CLANG_WARN_EMPTY_BODY = YES;
				CLANG_WARN_ENUM_CONVERSION = YES;
				CLANG_WARN_INFINITE_RECURSION = YES;
				CLANG_WARN_INT_CONVERSION = YES;
				CLANG_WARN_NON_LITERAL_NULL_CONVERSION = YES;
				CLANG_WARN_OBJC_IMPLICIT_RETAIN_SELF = YES;
				CLANG_WARN_OBJC_LITERAL_CONVERSION = YES;
				CLANG_WARN_OBJC_ROOT_CLASS = YES_ERROR;
				CLANG_WARN_RANGE_LOOP_ANALYSIS = YES;
				CLANG_WARN_STRICT_PROTOTYPES = YES;
				CLANG_WARN_SUSPICIOUS_MOVE = YES;
				CLANG_WARN_UNGUARDED_AVAILABILITY = YES_AGGRESSIVE;
				CLANG_WARN_UNREACHABLE_CODE = YES;
				CLANG_WARN__DUPLICATE_METHOD_MATCH = YES;
				CODE_SIGN_IDENTITY = "iPhone Developer";
				COPY_PHASE_STRIP = NO;
				DEBUG_INFORMATION_FORMAT = "dwarf-with-dsym";
				ENABLE_NS_ASSERTIONS = NO;
				ENABLE_STRICT_OBJC_MSGSEND = YES;
				GCC_C_LANGUAGE_STANDARD = gnu11;
				GCC_NO_COMMON_BLOCKS = YES;
				GCC_WARN_64_TO_32_BIT_CONVERSION = YES;
				GCC_WARN_ABOUT_RETURN_TYPE = YES_ERROR;
				GCC_WARN_UNDECLARED_SELECTOR = YES;
				GCC_WARN_UNINITIALIZED_AUTOS = YES_AGGRESSIVE;
				GCC_WARN_UNUSED_FUNCTION = YES;
				GCC_WARN_UNUSED_VARIABLE = YES;
				IPHONEOS_DEPLOYMENT_TARGET = 12.1;
				MTL_ENABLE_DEBUG_INFO = NO;
				MTL_FAST_MATH = YES;
				SDKROOT = iphoneos;
				SWIFT_COMPILATION_MODE = wholemodule;
				SWIFT_OPTIMIZATION_LEVEL = "-O";
				VALIDATE_PRODUCT = YES;
			};
			name = Release;
		};
		082FE12221F9F05E003CA347 /* Debug */ = {
			isa = XCBuildConfiguration;
			buildSettings = {
				ASSETCATALOG_COMPILER_APPICON_NAME = AppIcon;
				CODE_SIGN_STYLE = Automatic;
				DEVELOPMENT_TEAM = RXJ69EWCMT;
				INFOPLIST_FILE = FoodPin/Info.plist;
				LD_RUNPATH_SEARCH_PATHS = (
					"$(inherited)",
					"@executable_path/Frameworks",
				);
				PRODUCT_BUNDLE_IDENTIFIER = alrosa.ru.FoodPin;
				PRODUCT_NAME = "$(TARGET_NAME)";
				SWIFT_VERSION = 4.2;
				TARGETED_DEVICE_FAMILY = "1,2";
			};
			name = Debug;
		};
		082FE12321F9F05E003CA347 /* Release */ = {
			isa = XCBuildConfiguration;
			buildSettings = {
				ASSETCATALOG_COMPILER_APPICON_NAME = AppIcon;
				CODE_SIGN_STYLE = Automatic;
				DEVELOPMENT_TEAM = RXJ69EWCMT;
				INFOPLIST_FILE = FoodPin/Info.plist;
				LD_RUNPATH_SEARCH_PATHS = (
					"$(inherited)",
					"@executable_path/Frameworks",
				);
				PRODUCT_BUNDLE_IDENTIFIER = alrosa.ru.FoodPin;
				PRODUCT_NAME = "$(TARGET_NAME)";
				SWIFT_VERSION = 4.2;
				TARGETED_DEVICE_FAMILY = "1,2";
			};
			name = Release;
		};
/* End XCBuildConfiguration section */

/* Begin XCConfigurationList section */
		082FE10A21F9F05C003CA347 /* Build configuration list for PBXProject "FoodPin" */ = {
			isa = XCConfigurationList;
			buildConfigurations = (
				082FE11F21F9F05E003CA347 /* Debug */,
				082FE12021F9F05E003CA347 /* Release */,
			);
			defaultConfigurationIsVisible = 0;
			defaultConfigurationName = Release;
		};
		082FE12121F9F05E003CA347 /* Build configuration list for PBXNativeTarget "FoodPin" */ = {
			isa = XCConfigurationList;
			buildConfigurations = (
				082FE12221F9F05E003CA347 /* Debug */,
				082FE12321F9F05E003CA347 /* Release */,
			);
			defaultConfigurationIsVisible = 0;
			defaultConfigurationName = Release;
		};
/* End XCConfigurationList section */
	};
	rootObject = 082FE10721F9F05C003CA347 /* Project object */;
}
